
Microsoft Visual Studio Solution File, Format Version 12.00
# Visual Studio 15
VisualStudioVersion = 15.0.26730.3
MinimumVisualStudioVersion = 10.0.40219.1
Project("{8BC9CEB8-8B4A-11D0-8D11-00A0C91BC942}") = "Module16_(使用vector存储class对象并操作该vector)", "Module16_(使用vector存储class对象并操作该vector)\Module16_(使用vector存储class对象并操作该vector).vcxproj", "{BCEE5A54-AD7E-4EC6-8E91-527579110284}"
EndProject
Global
	GlobalSection(SolutionConfigurationPlatforms) = preSolution
		Debug|x64 = Debug|x64
		Debug|x86 = Debug|x86
		Release|x64 = Release|x64
		Release|x86 = Release|x86
	EndGlobalSection
	GlobalSection(ProjectConfigurationPlatforms) = postSolution
		{BCEE5A54-AD7E-4EC6-8E91-527579110284}.Debug|x64.ActiveCfg = Debug|x64
		{BCEE5A54-AD7E-4EC6-8E91-527579110284}.Debug|x64.Build.0 = Debug|x64
		{BCEE5A54-AD7E-4EC6-8E91-527579110284}.Debug|x86.ActiveCfg = Debug|Win32
		{BCEE5A54-AD7E-4EC6-8E91-527579110284}.Debug|x86.Build.0 = Debug|Win32
		{BCEE5A54-AD7E-4EC6-8E91-527579110284}.Release|x64.ActiveCfg = Release|x64
		{BCEE5A54-AD7E-4EC6-8E91-527579110284}.Release|x64.Build.0 = Release|x64
		{BCEE5A54-AD7E-4EC6-8E91-527579110284}.Release|x86.ActiveCfg = Release|Win32
		{BCEE5A54-AD7E-4EC6-8E91-527579110284}.Release|x86.Build.0 = Release|Win32
	EndGlobalSection
	GlobalSection(SolutionProperties) = preSolution
		HideSolutionNode = FALSE
	EndGlobalSection
	GlobalSection(ExtensibilityGlobals) = postSolution
		SolutionGuid = {99560E5E-B62D-4B44-86B7-750271C45C81}
	EndGlobalSection
EndGlobal
