
Microsoft Visual Studio Solution File, Format Version 12.00
# Visual Studio 15
VisualStudioVersion = 15.0.26730.3
MinimumVisualStudioVersion = 10.0.40219.1
Project("{8BC9CEB8-8B4A-11D0-8D11-00A0C91BC942}") = "Module15_(栈解退_重抛异常)", "Module15_(栈解退_重抛异常)\Module15_(栈解退_重抛异常).vcxproj", "{8812DBAB-EBD1-4656-9BA5-5CCFEAF4DFDB}"
EndProject
Global
	GlobalSection(SolutionConfigurationPlatforms) = preSolution
		Debug|x64 = Debug|x64
		Debug|x86 = Debug|x86
		Release|x64 = Release|x64
		Release|x86 = Release|x86
	EndGlobalSection
	GlobalSection(ProjectConfigurationPlatforms) = postSolution
		{8812DBAB-EBD1-4656-9BA5-5CCFEAF4DFDB}.Debug|x64.ActiveCfg = Debug|x64
		{8812DBAB-EBD1-4656-9BA5-5CCFEAF4DFDB}.Debug|x64.Build.0 = Debug|x64
		{8812DBAB-EBD1-4656-9BA5-5CCFEAF4DFDB}.Debug|x86.ActiveCfg = Debug|Win32
		{8812DBAB-EBD1-4656-9BA5-5CCFEAF4DFDB}.Debug|x86.Build.0 = Debug|Win32
		{8812DBAB-EBD1-4656-9BA5-5CCFEAF4DFDB}.Release|x64.ActiveCfg = Release|x64
		{8812DBAB-EBD1-4656-9BA5-5CCFEAF4DFDB}.Release|x64.Build.0 = Release|x64
		{8812DBAB-EBD1-4656-9BA5-5CCFEAF4DFDB}.Release|x86.ActiveCfg = Release|Win32
		{8812DBAB-EBD1-4656-9BA5-5CCFEAF4DFDB}.Release|x86.Build.0 = Release|Win32
	EndGlobalSection
	GlobalSection(SolutionProperties) = preSolution
		HideSolutionNode = FALSE
	EndGlobalSection
	GlobalSection(ExtensibilityGlobals) = postSolution
		SolutionGuid = {10D264C6-01AE-41E5-914C-DD4321E81A58}
	EndGlobalSection
EndGlobal
