
Microsoft Visual Studio Solution File, Format Version 12.00
# Visual Studio 15
VisualStudioVersion = 15.0.27004.2006
MinimumVisualStudioVersion = 10.0.40219.1
Project("{8BC9CEB8-8B4A-11D0-8D11-00A0C91BC942}") = "汉字", "汉字\汉字.vcxproj", "{127B313B-943B-4B4A-8BA5-5EFF019C8FA5}"
EndProject
Global
	GlobalSection(SolutionConfigurationPlatforms) = preSolution
		Debug|x64 = Debug|x64
		Debug|x86 = Debug|x86
		Release|x64 = Release|x64
		Release|x86 = Release|x86
	EndGlobalSection
	GlobalSection(ProjectConfigurationPlatforms) = postSolution
		{127B313B-943B-4B4A-8BA5-5EFF019C8FA5}.Debug|x64.ActiveCfg = Debug|x64
		{127B313B-943B-4B4A-8BA5-5EFF019C8FA5}.Debug|x64.Build.0 = Debug|x64
		{127B313B-943B-4B4A-8BA5-5EFF019C8FA5}.Debug|x86.ActiveCfg = Debug|Win32
		{127B313B-943B-4B4A-8BA5-5EFF019C8FA5}.Debug|x86.Build.0 = Debug|Win32
		{127B313B-943B-4B4A-8BA5-5EFF019C8FA5}.Release|x64.ActiveCfg = Release|x64
		{127B313B-943B-4B4A-8BA5-5EFF019C8FA5}.Release|x64.Build.0 = Release|x64
		{127B313B-943B-4B4A-8BA5-5EFF019C8FA5}.Release|x86.ActiveCfg = Release|Win32
		{127B313B-943B-4B4A-8BA5-5EFF019C8FA5}.Release|x86.Build.0 = Release|Win32
	EndGlobalSection
	GlobalSection(SolutionProperties) = preSolution
		HideSolutionNode = FALSE
	EndGlobalSection
	GlobalSection(ExtensibilityGlobals) = postSolution
		SolutionGuid = {2738C617-4AA1-4C8C-B32E-DB91F5864E7A}
	EndGlobalSection
EndGlobal
