
Microsoft Visual Studio Solution File, Format Version 12.00
# Visual Studio 15
VisualStudioVersion = 15.0.26730.3
MinimumVisualStudioVersion = 10.0.40219.1
Project("{8BC9CEB8-8B4A-11D0-8D11-00A0C91BC942}") = "Module16_(三种智能指针_auto_ptr、shared_ptr、unique_ptr)", "Module16_(三种智能指针_auto_ptr、shared_ptr、unique_ptr)\Module16_(三种智能指针_auto_ptr、shared_ptr、unique_ptr).vcxproj", "{A3D0D492-459E-4D35-81CE-54FE4DCA021D}"
EndProject
Global
	GlobalSection(SolutionConfigurationPlatforms) = preSolution
		Debug|x64 = Debug|x64
		Debug|x86 = Debug|x86
		Release|x64 = Release|x64
		Release|x86 = Release|x86
	EndGlobalSection
	GlobalSection(ProjectConfigurationPlatforms) = postSolution
		{A3D0D492-459E-4D35-81CE-54FE4DCA021D}.Debug|x64.ActiveCfg = Debug|x64
		{A3D0D492-459E-4D35-81CE-54FE4DCA021D}.Debug|x64.Build.0 = Debug|x64
		{A3D0D492-459E-4D35-81CE-54FE4DCA021D}.Debug|x86.ActiveCfg = Debug|Win32
		{A3D0D492-459E-4D35-81CE-54FE4DCA021D}.Debug|x86.Build.0 = Debug|Win32
		{A3D0D492-459E-4D35-81CE-54FE4DCA021D}.Release|x64.ActiveCfg = Release|x64
		{A3D0D492-459E-4D35-81CE-54FE4DCA021D}.Release|x64.Build.0 = Release|x64
		{A3D0D492-459E-4D35-81CE-54FE4DCA021D}.Release|x86.ActiveCfg = Release|Win32
		{A3D0D492-459E-4D35-81CE-54FE4DCA021D}.Release|x86.Build.0 = Release|Win32
	EndGlobalSection
	GlobalSection(SolutionProperties) = preSolution
		HideSolutionNode = FALSE
	EndGlobalSection
	GlobalSection(ExtensibilityGlobals) = postSolution
		SolutionGuid = {4F17FC11-51F8-47EC-87AA-C3D99742CB98}
	EndGlobalSection
EndGlobal
