
Microsoft Visual Studio Solution File, Format Version 12.00
# Visual Studio 15
VisualStudioVersion = 15.0.26730.3
MinimumVisualStudioVersion = 10.0.40219.1
Project("{8BC9CEB8-8B4A-11D0-8D11-00A0C91BC942}") = "Module14_(深入探讨类模板_代码优化)", "Module14_(深入探讨类模板_代码优化)\Module14_(深入探讨类模板_代码优化).vcxproj", "{0719BDD0-DEDF-4070-82FC-A21F861B663C}"
EndProject
Global
	GlobalSection(SolutionConfigurationPlatforms) = preSolution
		Debug|x64 = Debug|x64
		Debug|x86 = Debug|x86
		Release|x64 = Release|x64
		Release|x86 = Release|x86
	EndGlobalSection
	GlobalSection(ProjectConfigurationPlatforms) = postSolution
		{0719BDD0-DEDF-4070-82FC-A21F861B663C}.Debug|x64.ActiveCfg = Debug|x64
		{0719BDD0-DEDF-4070-82FC-A21F861B663C}.Debug|x64.Build.0 = Debug|x64
		{0719BDD0-DEDF-4070-82FC-A21F861B663C}.Debug|x86.ActiveCfg = Debug|Win32
		{0719BDD0-DEDF-4070-82FC-A21F861B663C}.Debug|x86.Build.0 = Debug|Win32
		{0719BDD0-DEDF-4070-82FC-A21F861B663C}.Release|x64.ActiveCfg = Release|x64
		{0719BDD0-DEDF-4070-82FC-A21F861B663C}.Release|x64.Build.0 = Release|x64
		{0719BDD0-DEDF-4070-82FC-A21F861B663C}.Release|x86.ActiveCfg = Release|Win32
		{0719BDD0-DEDF-4070-82FC-A21F861B663C}.Release|x86.Build.0 = Release|Win32
	EndGlobalSection
	GlobalSection(SolutionProperties) = preSolution
		HideSolutionNode = FALSE
	EndGlobalSection
	GlobalSection(ExtensibilityGlobals) = postSolution
		SolutionGuid = {7B3676CD-4FB9-4526-AD77-7D69DEA91E4D}
	EndGlobalSection
EndGlobal
