
Microsoft Visual Studio Solution File, Format Version 12.00
# Visual Studio 15
VisualStudioVersion = 15.0.26730.3
MinimumVisualStudioVersion = 10.0.40219.1
Project("{8BC9CEB8-8B4A-11D0-8D11-00A0C91BC942}") = "Module13_(继承和动态内存分配)", "Module13_(继承和动态内存分配)\Module13_(继承和动态内存分配).vcxproj", "{58CC45B7-2C98-4407-A202-666CB4FFDF59}"
EndProject
Global
	GlobalSection(SolutionConfigurationPlatforms) = preSolution
		Debug|x64 = Debug|x64
		Debug|x86 = Debug|x86
		Release|x64 = Release|x64
		Release|x86 = Release|x86
	EndGlobalSection
	GlobalSection(ProjectConfigurationPlatforms) = postSolution
		{58CC45B7-2C98-4407-A202-666CB4FFDF59}.Debug|x64.ActiveCfg = Debug|x64
		{58CC45B7-2C98-4407-A202-666CB4FFDF59}.Debug|x64.Build.0 = Debug|x64
		{58CC45B7-2C98-4407-A202-666CB4FFDF59}.Debug|x86.ActiveCfg = Debug|Win32
		{58CC45B7-2C98-4407-A202-666CB4FFDF59}.Debug|x86.Build.0 = Debug|Win32
		{58CC45B7-2C98-4407-A202-666CB4FFDF59}.Release|x64.ActiveCfg = Release|x64
		{58CC45B7-2C98-4407-A202-666CB4FFDF59}.Release|x64.Build.0 = Release|x64
		{58CC45B7-2C98-4407-A202-666CB4FFDF59}.Release|x86.ActiveCfg = Release|Win32
		{58CC45B7-2C98-4407-A202-666CB4FFDF59}.Release|x86.Build.0 = Release|Win32
	EndGlobalSection
	GlobalSection(SolutionProperties) = preSolution
		HideSolutionNode = FALSE
	EndGlobalSection
	GlobalSection(ExtensibilityGlobals) = postSolution
		SolutionGuid = {C31D0701-8358-48FD-9509-03963923A42B}
	EndGlobalSection
EndGlobal
